
Microsoft Visual Studio Solution File, Format Version 12.00
# Visual Studio Version 17
VisualStudioVersion = 17.4.33403.182
MinimumVisualStudioVersion = 10.0.40219.1
Project("{54A90642-561A-4BB1-A94E-469ADEE60C69}") = "client", "client\client.esproj", "{45FB5A4D-6ECE-4AF0-AEFC-2B00EE5FA630}"
EndProject
Project("{9A19103F-16F7-4668-BE54-9A1E7A4F7556}") = "api", "server\api\api.csproj", "{29596AB6-BD59-4CC4-BB82-4B1B71E597E2}"
EndProject
Project("{FAE04EC0-301F-11D3-BF4B-00C04F79EFBC}") = "misc.security", "server\components\misc.security\misc.security.csproj", "{89B3FF6F-F23A-4406-94E6-C62F2D430798}"
EndProject
Project("{FAE04EC0-301F-11D3-BF4B-00C04F79EFBC}") = "database.context", "server\components\database.context\database.context.csproj", "{27764AA4-A391-4F58-B8A1-BF062266AEAC}"
EndProject
Global
	GlobalSection(SolutionConfigurationPlatforms) = preSolution
		Debug|Any CPU = Debug|Any CPU
		Release|Any CPU = Release|Any CPU
	EndGlobalSection
	GlobalSection(ProjectConfigurationPlatforms) = postSolution
		{45FB5A4D-6ECE-4AF0-AEFC-2B00EE5FA630}.Debug|Any CPU.ActiveCfg = Debug|Any CPU
		{45FB5A4D-6ECE-4AF0-AEFC-2B00EE5FA630}.Debug|Any CPU.Build.0 = Debug|Any CPU
		{45FB5A4D-6ECE-4AF0-AEFC-2B00EE5FA630}.Debug|Any CPU.Deploy.0 = Debug|Any CPU
		{45FB5A4D-6ECE-4AF0-AEFC-2B00EE5FA630}.Release|Any CPU.ActiveCfg = Release|Any CPU
		{45FB5A4D-6ECE-4AF0-AEFC-2B00EE5FA630}.Release|Any CPU.Build.0 = Release|Any CPU
		{45FB5A4D-6ECE-4AF0-AEFC-2B00EE5FA630}.Release|Any CPU.Deploy.0 = Release|Any CPU
		{29596AB6-BD59-4CC4-BB82-4B1B71E597E2}.Debug|Any CPU.ActiveCfg = Debug|Any CPU
		{29596AB6-BD59-4CC4-BB82-4B1B71E597E2}.Debug|Any CPU.Build.0 = Debug|Any CPU
		{29596AB6-BD59-4CC4-BB82-4B1B71E597E2}.Release|Any CPU.ActiveCfg = Release|Any CPU
		{29596AB6-BD59-4CC4-BB82-4B1B71E597E2}.Release|Any CPU.Build.0 = Release|Any CPU
		{89B3FF6F-F23A-4406-94E6-C62F2D430798}.Debug|Any CPU.ActiveCfg = Debug|Any CPU
		{89B3FF6F-F23A-4406-94E6-C62F2D430798}.Debug|Any CPU.Build.0 = Debug|Any CPU
		{89B3FF6F-F23A-4406-94E6-C62F2D430798}.Release|Any CPU.ActiveCfg = Release|Any CPU
		{89B3FF6F-F23A-4406-94E6-C62F2D430798}.Release|Any CPU.Build.0 = Release|Any CPU
		{27764AA4-A391-4F58-B8A1-BF062266AEAC}.Debug|Any CPU.ActiveCfg = Debug|Any CPU
		{27764AA4-A391-4F58-B8A1-BF062266AEAC}.Debug|Any CPU.Build.0 = Debug|Any CPU
		{27764AA4-A391-4F58-B8A1-BF062266AEAC}.Release|Any CPU.ActiveCfg = Release|Any CPU
		{27764AA4-A391-4F58-B8A1-BF062266AEAC}.Release|Any CPU.Build.0 = Release|Any CPU
	EndGlobalSection
	GlobalSection(SolutionProperties) = preSolution
		HideSolutionNode = FALSE
	EndGlobalSection
	GlobalSection(ExtensibilityGlobals) = postSolution
		SolutionGuid = {A9E07F96-2EFB-4AF3-8E2C-B5D233A76091}
	EndGlobalSection
EndGlobal
