
Microsoft Visual Studio Solution File, Format Version 12.00
# Visual Studio Version 17
VisualStudioVersion = 17.4.33403.182
MinimumVisualStudioVersion = 10.0.40219.1
Project("{54A90642-561A-4BB1-A94E-469ADEE60C69}") = "client", "client\client.esproj", "{DA8EE325-D631-45E8-AC1C-B50267ABFF67}"
EndProject
Global
	GlobalSection(SolutionConfigurationPlatforms) = preSolution
		Debug|Any CPU = Debug|Any CPU
		Release|Any CPU = Release|Any CPU
	EndGlobalSection
	GlobalSection(ProjectConfigurationPlatforms) = postSolution
		{DA8EE325-D631-45E8-AC1C-B50267ABFF67}.Debug|Any CPU.ActiveCfg = Debug|Any CPU
		{DA8EE325-D631-45E8-AC1C-B50267ABFF67}.Debug|Any CPU.Build.0 = Debug|Any CPU
		{DA8EE325-D631-45E8-AC1C-B50267ABFF67}.Debug|Any CPU.Deploy.0 = Debug|Any CPU
		{DA8EE325-D631-45E8-AC1C-B50267ABFF67}.Release|Any CPU.ActiveCfg = Release|Any CPU
		{DA8EE325-D631-45E8-AC1C-B50267ABFF67}.Release|Any CPU.Build.0 = Release|Any CPU
		{DA8EE325-D631-45E8-AC1C-B50267ABFF67}.Release|Any CPU.Deploy.0 = Release|Any CPU
	EndGlobalSection
	GlobalSection(SolutionProperties) = preSolution
		HideSolutionNode = FALSE
	EndGlobalSection
	GlobalSection(ExtensibilityGlobals) = postSolution
		SolutionGuid = {A9E07F96-2EFB-4AF3-8E2C-B5D233A76091}
	EndGlobalSection
EndGlobal
